// !$*UTF8*$!
{
	archiveVersion = 1;
	classes = {
	};
	objectVersion = 46;
	objects = {

/* Begin PBXBuildFile section */
		097B912C1B11E06E00777A6A /* main.m in Sources */ = {isa = PBXBuildFile; fileRef = 097B912B1B11E06E00777A6A /* main.m */; };
		097B912F1B11E06E00777A6A /* AppDelegate.m in Sources */ = {isa = PBXBuildFile; fileRef = 097B912E1B11E06E00777A6A /* AppDelegate.m */; };
		097B91321B11E06E00777A6A /* prime_generator.xcdatamodeld in Sources */ = {isa = PBXBuildFile; fileRef = 097B91301B11E06E00777A6A /* prime_generator.xcdatamodeld */; };
		097B91351B11E06E00777A6A /* ViewController.m in Sources */ = {isa = PBXBuildFile; fileRef = 097B91341B11E06E00777A6A /* ViewController.m */; };
		097B91381B11E06E00777A6A /* Main.storyboard in Resources */ = {isa = PBXBuildFile; fileRef = 097B91361B11E06E00777A6A /* Main.storyboard */; };
		097B913A1B11E06E00777A6A /* Images.xcassets in Resources */ = {isa = PBXBuildFile; fileRef = 097B91391B11E06E00777A6A /* Images.xcassets */; };
		097B913D1B11E06E00777A6A /* LaunchScreen.xib in Resources */ = {isa = PBXBuildFile; fileRef = 097B913B1B11E06E00777A6A /* LaunchScreen.xib */; };
		097B91491B11E06E00777A6A /* prime_generatorTests.m in Sources */ = {isa = PBXBuildFile; fileRef = 097B91481B11E06E00777A6A /* prime_generatorTests.m */; };
		097B91611B11EFB700777A6A /* PrimeGenerator.m in Sources */ = {isa = PBXBuildFile; fileRef = 097B91601B11EFB700777A6A /* PrimeGenerator.m */; };
		097B91641B11F89000777A6A /* PrimeGenerationFlow.m in Sources */ = {isa = PBXBuildFile; fileRef = 097B91631B11F89000777A6A /* PrimeGenerationFlow.m */; };
		097B916B1B11FBFD00777A6A /* FetchRequest.m in Sources */ = {isa = PBXBuildFile; fileRef = 097B916A1B11FBFD00777A6A /* FetchRequest.m */; };
		097B916E1B11FCA100777A6A /* NumberRequest.m in Sources */ = {isa = PBXBuildFile; fileRef = 097B916D1B11FCA100777A6A /* NumberRequest.m */; };
		097B917D1B121BB900777A6A /* History.m in Sources */ = {isa = PBXBuildFile; fileRef = 097B91741B121BB900777A6A /* History.m */; };
		097B917E1B121BB900777A6A /* Limit.m in Sources */ = {isa = PBXBuildFile; fileRef = 097B91761B121BB900777A6A /* Limit.m */; };
		097B917F1B121BB900777A6A /* NSManagedObject+Extension.m in Sources */ = {isa = PBXBuildFile; fileRef = 097B91781B121BB900777A6A /* NSManagedObject+Extension.m */; };
		097B91801B121BB900777A6A /* Number.m in Sources */ = {isa = PBXBuildFile; fileRef = 097B917A1B121BB900777A6A /* Number.m */; };
		097B91841B121C8800777A6A /* Prime.m in Sources */ = {isa = PBXBuildFile; fileRef = 097B91831B121C8800777A6A /* Prime.m */; };
		097B91871B121DC900777A6A /* LimitRequest.m in Sources */ = {isa = PBXBuildFile; fileRef = 097B91861B121DC900777A6A /* LimitRequest.m */; };
		097B918A1B121DF800777A6A /* PrimeRequest.m in Sources */ = {isa = PBXBuildFile; fileRef = 097B91891B121DF800777A6A /* PrimeRequest.m */; };
		097B918D1B1268FE00777A6A /* HistoryViewController.m in Sources */ = {isa = PBXBuildFile; fileRef = 097B918C1B1268FE00777A6A /* HistoryViewController.m */; };
		097B91901B126C5A00777A6A /* HistoryRequest.m in Sources */ = {isa = PBXBuildFile; fileRef = 097B918F1B126C5A00777A6A /* HistoryRequest.m */; };
/* End PBXBuildFile section */

/* Begin PBXContainerItemProxy section */
		097B91431B11E06E00777A6A /* PBXContainerItemProxy */ = {
			isa = PBXContainerItemProxy;
			containerPortal = 097B911E1B11E06D00777A6A /* Project object */;
			proxyType = 1;
			remoteGlobalIDString = 097B91251B11E06D00777A6A;
			remoteInfo = prime_generator;
		};
/* End PBXContainerItemProxy section */

/* Begin PBXFileReference section */
		097B91261B11E06D00777A6A /* prime_generator.app */ = {isa = PBXFileReference; explicitFileType = wrapper.application; includeInIndex = 0; path = prime_generator.app; sourceTree = BUILT_PRODUCTS_DIR; };
		097B912A1B11E06E00777A6A /* Info.plist */ = {isa = PBXFileReference; lastKnownFileType = text.plist.xml; path = Info.plist; sourceTree = "<group>"; };
		097B912B1B11E06E00777A6A /* main.m */ = {isa = PBXFileReference; lastKnownFileType = sourcecode.c.objc; path = main.m; sourceTree = "<group>"; };
		097B912D1B11E06E00777A6A /* AppDelegate.h */ = {isa = PBXFileReference; lastKnownFileType = sourcecode.c.h; path = AppDelegate.h; sourceTree = "<group>"; };
		097B912E1B11E06E00777A6A /* AppDelegate.m */ = {isa = PBXFileReference; lastKnownFileType = sourcecode.c.objc; path = AppDelegate.m; sourceTree = "<group>"; };
		097B91311B11E06E00777A6A /* prime_generator.xcdatamodel */ = {isa = PBXFileReference; lastKnownFileType = wrapper.xcdatamodel; path = prime_generator.xcdatamodel; sourceTree = "<group>"; };
		097B91331B11E06E00777A6A /* ViewController.h */ = {isa = PBXFileReference; lastKnownFileType = sourcecode.c.h; path = ViewController.h; sourceTree = "<group>"; };
		097B91341B11E06E00777A6A /* ViewController.m */ = {isa = PBXFileReference; lastKnownFileType = sourcecode.c.objc; path = ViewController.m; sourceTree = "<group>"; };
		097B91371B11E06E00777A6A /* Base */ = {isa = PBXFileReference; lastKnownFileType = file.storyboard; name = Base; path = Base.lproj/Main.storyboard; sourceTree = "<group>"; };
		097B91391B11E06E00777A6A /* Images.xcassets */ = {isa = PBXFileReference; lastKnownFileType = folder.assetcatalog; path = Images.xcassets; sourceTree = "<group>"; };
		097B913C1B11E06E00777A6A /* Base */ = {isa = PBXFileReference; lastKnownFileType = file.xib; name = Base; path = Base.lproj/LaunchScreen.xib; sourceTree = "<group>"; };
		097B91421B11E06E00777A6A /* prime_generatorTests.xctest */ = {isa = PBXFileReference; explicitFileType = wrapper.cfbundle; includeInIndex = 0; path = prime_generatorTests.xctest; sourceTree = BUILT_PRODUCTS_DIR; };
		097B91471B11E06E00777A6A /* Info.plist */ = {isa = PBXFileReference; lastKnownFileType = text.plist.xml; path = Info.plist; sourceTree = "<group>"; };
		097B91481B11E06E00777A6A /* prime_generatorTests.m */ = {isa = PBXFileReference; lastKnownFileType = sourcecode.c.objc; path = prime_generatorTests.m; sourceTree = "<group>"; };
		097B915F1B11EFB700777A6A /* PrimeGenerator.h */ = {isa = PBXFileReference; fileEncoding = 4; lastKnownFileType = sourcecode.c.h; path = PrimeGenerator.h; sourceTree = "<group>"; };
		097B91601B11EFB700777A6A /* PrimeGenerator.m */ = {isa = PBXFileReference; fileEncoding = 4; lastKnownFileType = sourcecode.c.objc; path = PrimeGenerator.m; sourceTree = "<group>"; };
		097B91621B11F89000777A6A /* PrimeGenerationFlow.h */ = {isa = PBXFileReference; fileEncoding = 4; lastKnownFileType = sourcecode.c.h; path = PrimeGenerationFlow.h; sourceTree = "<group>"; };
		097B91631B11F89000777A6A /* PrimeGenerationFlow.m */ = {isa = PBXFileReference; fileEncoding = 4; lastKnownFileType = sourcecode.c.objc; path = PrimeGenerationFlow.m; sourceTree = "<group>"; };
		097B91691B11FBFD00777A6A /* FetchRequest.h */ = {isa = PBXFileReference; fileEncoding = 4; lastKnownFileType = sourcecode.c.h; path = FetchRequest.h; sourceTree = "<group>"; };
		097B916A1B11FBFD00777A6A /* FetchRequest.m */ = {isa = PBXFileReference; fileEncoding = 4; lastKnownFileType = sourcecode.c.objc; path = FetchRequest.m; sourceTree = "<group>"; };
		097B916C1B11FCA100777A6A /* NumberRequest.h */ = {isa = PBXFileReference; fileEncoding = 4; lastKnownFileType = sourcecode.c.h; path = NumberRequest.h; sourceTree = "<group>"; };
		097B916D1B11FCA100777A6A /* NumberRequest.m */ = {isa = PBXFileReference; fileEncoding = 4; lastKnownFileType = sourcecode.c.objc; path = NumberRequest.m; sourceTree = "<group>"; };
		097B91731B121BB900777A6A /* History.h */ = {isa = PBXFileReference; fileEncoding = 4; lastKnownFileType = sourcecode.c.h; path = History.h; sourceTree = "<group>"; };
		097B91741B121BB900777A6A /* History.m */ = {isa = PBXFileReference; fileEncoding = 4; lastKnownFileType = sourcecode.c.objc; path = History.m; sourceTree = "<group>"; };
		097B91751B121BB900777A6A /* Limit.h */ = {isa = PBXFileReference; fileEncoding = 4; lastKnownFileType = sourcecode.c.h; path = Limit.h; sourceTree = "<group>"; };
		097B91761B121BB900777A6A /* Limit.m */ = {isa = PBXFileReference; fileEncoding = 4; lastKnownFileType = sourcecode.c.objc; path = Limit.m; sourceTree = "<group>"; };
		097B91771B121BB900777A6A /* NSManagedObject+Extension.h */ = {isa = PBXFileReference; fileEncoding = 4; lastKnownFileType = sourcecode.c.h; path = "NSManagedObject+Extension.h"; sourceTree = "<group>"; };
		097B91781B121BB900777A6A /* NSManagedObject+Extension.m */ = {isa = PBXFileReference; fileEncoding = 4; lastKnownFileType = sourcecode.c.objc; path = "NSManagedObject+Extension.m"; sourceTree = "<group>"; };
		097B91791B121BB900777A6A /* Number.h */ = {isa = PBXFileReference; fileEncoding = 4; lastKnownFileType = sourcecode.c.h; path = Number.h; sourceTree = "<group>"; };
		097B917A1B121BB900777A6A /* Number.m */ = {isa = PBXFileReference; fileEncoding = 4; lastKnownFileType = sourcecode.c.objc; path = Number.m; sourceTree = "<group>"; };
		097B91821B121C8800777A6A /* Prime.h */ = {isa = PBXFileReference; fileEncoding = 4; lastKnownFileType = sourcecode.c.h; path = Prime.h; sourceTree = "<group>"; };
		097B91831B121C8800777A6A /* Prime.m */ = {isa = PBXFileReference; fileEncoding = 4; lastKnownFileType = sourcecode.c.objc; path = Prime.m; sourceTree = "<group>"; };
		097B91851B121DC900777A6A /* LimitRequest.h */ = {isa = PBXFileReference; fileEncoding = 4; lastKnownFileType = sourcecode.c.h; path = LimitRequest.h; sourceTree = "<group>"; };
		097B91861B121DC900777A6A /* LimitRequest.m */ = {isa = PBXFileReference; fileEncoding = 4; lastKnownFileType = sourcecode.c.objc; path = LimitRequest.m; sourceTree = "<group>"; };
		097B91881B121DF800777A6A /* PrimeRequest.h */ = {isa = PBXFileReference; fileEncoding = 4; lastKnownFileType = sourcecode.c.h; path = PrimeRequest.h; sourceTree = "<group>"; };
		097B91891B121DF800777A6A /* PrimeRequest.m */ = {isa = PBXFileReference; fileEncoding = 4; lastKnownFileType = sourcecode.c.objc; path = PrimeRequest.m; sourceTree = "<group>"; };
		097B918B1B1268FE00777A6A /* HistoryViewController.h */ = {isa = PBXFileReference; fileEncoding = 4; lastKnownFileType = sourcecode.c.h; path = HistoryViewController.h; sourceTree = "<group>"; };
		097B918C1B1268FE00777A6A /* HistoryViewController.m */ = {isa = PBXFileReference; fileEncoding = 4; lastKnownFileType = sourcecode.c.objc; path = HistoryViewController.m; sourceTree = "<group>"; };
		097B918E1B126C5A00777A6A /* HistoryRequest.h */ = {isa = PBXFileReference; fileEncoding = 4; lastKnownFileType = sourcecode.c.h; path = HistoryRequest.h; sourceTree = "<group>"; };
		097B918F1B126C5A00777A6A /* HistoryRequest.m */ = {isa = PBXFileReference; fileEncoding = 4; lastKnownFileType = sourcecode.c.objc; path = HistoryRequest.m; sourceTree = "<group>"; };
/* End PBXFileReference section */

/* Begin PBXFrameworksBuildPhase section */
		097B91231B11E06D00777A6A /* Frameworks */ = {
			isa = PBXFrameworksBuildPhase;
			buildActionMask = 2147483647;
			files = (
			);
			runOnlyForDeploymentPostprocessing = 0;
		};
		097B913F1B11E06E00777A6A /* Frameworks */ = {
			isa = PBXFrameworksBuildPhase;
			buildActionMask = 2147483647;
			files = (
			);
			runOnlyForDeploymentPostprocessing = 0;
		};
/* End PBXFrameworksBuildPhase section */

/* Begin PBXGroup section */
		097B911D1B11E06D00777A6A = {
			isa = PBXGroup;
			children = (
				097B91281B11E06D00777A6A /* prime_generator */,
				097B91451B11E06E00777A6A /* prime_generatorTests */,
				097B91271B11E06D00777A6A /* Products */,
			);
			sourceTree = "<group>";
		};
		097B91271B11E06D00777A6A /* Products */ = {
			isa = PBXGroup;
			children = (
				097B91261B11E06D00777A6A /* prime_generator.app */,
				097B91421B11E06E00777A6A /* prime_generatorTests.xctest */,
			);
			name = Products;
			sourceTree = "<group>";
		};
		097B91281B11E06D00777A6A /* prime_generator */ = {
			isa = PBXGroup;
			children = (
				097B91721B121BB900777A6A /* objectmodel */,
				097B91681B11FBFD00777A6A /* fetchrequests */,
				097B915E1B11EFB700777A6A /* operations */,
				097B912D1B11E06E00777A6A /* AppDelegate.h */,
				097B912E1B11E06E00777A6A /* AppDelegate.m */,
				097B91331B11E06E00777A6A /* ViewController.h */,
				097B91341B11E06E00777A6A /* ViewController.m */,
				097B918B1B1268FE00777A6A /* HistoryViewController.h */,
				097B918C1B1268FE00777A6A /* HistoryViewController.m */,
				097B91361B11E06E00777A6A /* Main.storyboard */,
				097B91391B11E06E00777A6A /* Images.xcassets */,
				097B913B1B11E06E00777A6A /* LaunchScreen.xib */,
				097B91301B11E06E00777A6A /* prime_generator.xcdatamodeld */,
				097B91291B11E06D00777A6A /* Supporting Files */,
			);
			path = prime_generator;
			sourceTree = "<group>";
		};
		097B91291B11E06D00777A6A /* Supporting Files */ = {
			isa = PBXGroup;
			children = (
				097B912A1B11E06E00777A6A /* Info.plist */,
				097B912B1B11E06E00777A6A /* main.m */,
			);
			name = "Supporting Files";
			sourceTree = "<group>";
		};
		097B91451B11E06E00777A6A /* prime_generatorTests */ = {
			isa = PBXGroup;
			children = (
				097B91481B11E06E00777A6A /* prime_generatorTests.m */,
				097B91461B11E06E00777A6A /* Supporting Files */,
			);
			path = prime_generatorTests;
			sourceTree = "<group>";
		};
		097B91461B11E06E00777A6A /* Supporting Files */ = {
			isa = PBXGroup;
			children = (
				097B91471B11E06E00777A6A /* Info.plist */,
			);
			name = "Supporting Files";
			sourceTree = "<group>";
		};
		097B915E1B11EFB700777A6A /* operations */ = {
			isa = PBXGroup;
			children = (
				097B915F1B11EFB700777A6A /* PrimeGenerator.h */,
				097B91601B11EFB700777A6A /* PrimeGenerator.m */,
				097B91621B11F89000777A6A /* PrimeGenerationFlow.h */,
				097B91631B11F89000777A6A /* PrimeGenerationFlow.m */,
			);
			path = operations;
			sourceTree = "<group>";
		};
		097B91681B11FBFD00777A6A /* fetchrequests */ = {
			isa = PBXGroup;
			children = (
				097B91691B11FBFD00777A6A /* FetchRequest.h */,
				097B916A1B11FBFD00777A6A /* FetchRequest.m */,
				097B916C1B11FCA100777A6A /* NumberRequest.h */,
				097B916D1B11FCA100777A6A /* NumberRequest.m */,
				097B91851B121DC900777A6A /* LimitRequest.h */,
				097B91861B121DC900777A6A /* LimitRequest.m */,
				097B91881B121DF800777A6A /* PrimeRequest.h */,
				097B91891B121DF800777A6A /* PrimeRequest.m */,
				097B918E1B126C5A00777A6A /* HistoryRequest.h */,
				097B918F1B126C5A00777A6A /* HistoryRequest.m */,
			);
			path = fetchrequests;
			sourceTree = "<group>";
		};
		097B91721B121BB900777A6A /* objectmodel */ = {
			isa = PBXGroup;
			children = (
				097B91731B121BB900777A6A /* History.h */,
				097B91741B121BB900777A6A /* History.m */,
				097B91751B121BB900777A6A /* Limit.h */,
				097B91761B121BB900777A6A /* Limit.m */,
				097B91821B121C8800777A6A /* Prime.h */,
				097B91831B121C8800777A6A /* Prime.m */,
				097B91771B121BB900777A6A /* NSManagedObject+Extension.h */,
				097B91781B121BB900777A6A /* NSManagedObject+Extension.m */,
				097B91791B121BB900777A6A /* Number.h */,
				097B917A1B121BB900777A6A /* Number.m */,
			);
			name = objectmodel;
			path = ObjectModel;
			sourceTree = "<group>";
		};
/* End PBXGroup section */

/* Begin PBXNativeTarget section */
		097B91251B11E06D00777A6A /* prime_generator */ = {
			isa = PBXNativeTarget;
			buildConfigurationList = 097B914C1B11E06E00777A6A /* Build configuration list for PBXNativeTarget "prime_generator" */;
			buildPhases = (
				097B91221B11E06D00777A6A /* Sources */,
				097B91231B11E06D00777A6A /* Frameworks */,
				097B91241B11E06D00777A6A /* Resources */,
			);
			buildRules = (
			);
			dependencies = (
			);
			name = prime_generator;
			productName = prime_generator;
			productReference = 097B91261B11E06D00777A6A /* prime_generator.app */;
			productType = "com.apple.product-type.application";
		};
		097B91411B11E06E00777A6A /* prime_generatorTests */ = {
			isa = PBXNativeTarget;
			buildConfigurationList = 097B914F1B11E06E00777A6A /* Build configuration list for PBXNativeTarget "prime_generatorTests" */;
			buildPhases = (
				097B913E1B11E06E00777A6A /* Sources */,
				097B913F1B11E06E00777A6A /* Frameworks */,
				097B91401B11E06E00777A6A /* Resources */,
			);
			buildRules = (
			);
			dependencies = (
				097B91441B11E06E00777A6A /* PBXTargetDependency */,
			);
			name = prime_generatorTests;
			productName = prime_generatorTests;
			productReference = 097B91421B11E06E00777A6A /* prime_generatorTests.xctest */;
			productType = "com.apple.product-type.bundle.unit-test";
		};
/* End PBXNativeTarget section */

/* Begin PBXProject section */
		097B911E1B11E06D00777A6A /* Project object */ = {
			isa = PBXProject;
			attributes = {
				LastUpgradeCheck = 0630;
				ORGANIZATIONNAME = "Ilya Bukonkin";
				TargetAttributes = {
					097B91251B11E06D00777A6A = {
						CreatedOnToolsVersion = 6.3;
					};
					097B91411B11E06E00777A6A = {
						CreatedOnToolsVersion = 6.3;
						TestTargetID = 097B91251B11E06D00777A6A;
					};
				};
			};
			buildConfigurationList = 097B91211B11E06D00777A6A /* Build configuration list for PBXProject "prime_generator" */;
			compatibilityVersion = "Xcode 3.2";
			developmentRegion = English;
			hasScannedForEncodings = 0;
			knownRegions = (
				en,
				Base,
			);
			mainGroup = 097B911D1B11E06D00777A6A;
			productRefGroup = 097B91271B11E06D00777A6A /* Products */;
			projectDirPath = "";
			projectRoot = "";
			targets = (
				097B91251B11E06D00777A6A /* prime_generator */,
				097B91411B11E06E00777A6A /* prime_generatorTests */,
			);
		};
/* End PBXProject section */

/* Begin PBXResourcesBuildPhase section */
		097B91241B11E06D00777A6A /* Resources */ = {
			isa = PBXResourcesBuildPhase;
			buildActionMask = 2147483647;
			files = (
				097B91381B11E06E00777A6A /* Main.storyboard in Resources */,
				097B913D1B11E06E00777A6A /* LaunchScreen.xib in Resources */,
				097B913A1B11E06E00777A6A /* Images.xcassets in Resources */,
			);
			runOnlyForDeploymentPostprocessing = 0;
		};
		097B91401B11E06E00777A6A /* Resources */ = {
			isa = PBXResourcesBuildPhase;
			buildActionMask = 2147483647;
			files = (
			);
			runOnlyForDeploymentPostprocessing = 0;
		};
/* End PBXResourcesBuildPhase section */

/* Begin PBXSourcesBuildPhase section */
		097B91221B11E06D00777A6A /* Sources */ = {
			isa = PBXSourcesBuildPhase;
			buildActionMask = 2147483647;
			files = (
				097B91841B121C8800777A6A /* Prime.m in Sources */,
				097B912F1B11E06E00777A6A /* AppDelegate.m in Sources */,
				097B91641B11F89000777A6A /* PrimeGenerationFlow.m in Sources */,
				097B918D1B1268FE00777A6A /* HistoryViewController.m in Sources */,
				097B91871B121DC900777A6A /* LimitRequest.m in Sources */,
				097B912C1B11E06E00777A6A /* main.m in Sources */,
				097B91611B11EFB700777A6A /* PrimeGenerator.m in Sources */,
				097B91801B121BB900777A6A /* Number.m in Sources */,
				097B91351B11E06E00777A6A /* ViewController.m in Sources */,
				097B91321B11E06E00777A6A /* prime_generator.xcdatamodeld in Sources */,
				097B916E1B11FCA100777A6A /* NumberRequest.m in Sources */,
				097B917E1B121BB900777A6A /* Limit.m in Sources */,
				097B918A1B121DF800777A6A /* PrimeRequest.m in Sources */,
				097B916B1B11FBFD00777A6A /* FetchRequest.m in Sources */,
				097B91901B126C5A00777A6A /* HistoryRequest.m in Sources */,
				097B917F1B121BB900777A6A /* NSManagedObject+Extension.m in Sources */,
				097B917D1B121BB900777A6A /* History.m in Sources */,
			);
			runOnlyForDeploymentPostprocessing = 0;
		};
		097B913E1B11E06E00777A6A /* Sources */ = {
			isa = PBXSourcesBuildPhase;
			buildActionMask = 2147483647;
			files = (
				097B91491B11E06E00777A6A /* prime_generatorTests.m in Sources */,
			);
			runOnlyForDeploymentPostprocessing = 0;
		};
/* End PBXSourcesBuildPhase section */

/* Begin PBXTargetDependency section */
		097B91441B11E06E00777A6A /* PBXTargetDependency */ = {
			isa = PBXTargetDependency;
			target = 097B91251B11E06D00777A6A /* prime_generator */;
			targetProxy = 097B91431B11E06E00777A6A /* PBXContainerItemProxy */;
		};
/* End PBXTargetDependency section */

/* Begin PBXVariantGroup section */
		097B91361B11E06E00777A6A /* Main.storyboard */ = {
			isa = PBXVariantGroup;
			children = (
				097B91371B11E06E00777A6A /* Base */,
			);
			name = Main.storyboard;
			sourceTree = "<group>";
		};
		097B913B1B11E06E00777A6A /* LaunchScreen.xib */ = {
			isa = PBXVariantGroup;
			children = (
				097B913C1B11E06E00777A6A /* Base */,
			);
			name = LaunchScreen.xib;
			sourceTree = "<group>";
		};
/* End PBXVariantGroup section */

/* Begin XCBuildConfiguration section */
		097B914A1B11E06E00777A6A /* Debug */ = {
			isa = XCBuildConfiguration;
			buildSettings = {
				ALWAYS_SEARCH_USER_PATHS = NO;
				CLANG_CXX_LANGUAGE_STANDARD = "gnu++0x";
				CLANG_CXX_LIBRARY = "libc++";
				CLANG_ENABLE_MODULES = YES;
				CLANG_ENABLE_OBJC_ARC = YES;
				CLANG_WARN_BOOL_CONVERSION = YES;
				CLANG_WARN_CONSTANT_CONVERSION = YES;
				CLANG_WARN_DIRECT_OBJC_ISA_USAGE = YES_ERROR;
				CLANG_WARN_EMPTY_BODY = YES;
				CLANG_WARN_ENUM_CONVERSION = YES;
				CLANG_WARN_INT_CONVERSION = YES;
				CLANG_WARN_OBJC_ROOT_CLASS = YES_ERROR;
				CLANG_WARN_UNREACHABLE_CODE = YES;
				CLANG_WARN__DUPLICATE_METHOD_MATCH = YES;
				"CODE_SIGN_IDENTITY[sdk=iphoneos*]" = "iPhone Developer";
				COPY_PHASE_STRIP = NO;
				DEBUG_INFORMATION_FORMAT = "dwarf-with-dsym";
				ENABLE_STRICT_OBJC_MSGSEND = YES;
				GCC_C_LANGUAGE_STANDARD = gnu99;
				GCC_DYNAMIC_NO_PIC = NO;
				GCC_NO_COMMON_BLOCKS = YES;
				GCC_OPTIMIZATION_LEVEL = 0;
				GCC_PREPROCESSOR_DEFINITIONS = (
					"DEBUG=1",
					"$(inherited)",
				);
				GCC_SYMBOLS_PRIVATE_EXTERN = NO;
				GCC_WARN_64_TO_32_BIT_CONVERSION = YES;
				GCC_WARN_ABOUT_RETURN_TYPE = YES_ERROR;
				GCC_WARN_UNDECLARED_SELECTOR = YES;
				GCC_WARN_UNINITIALIZED_AUTOS = YES_AGGRESSIVE;
				GCC_WARN_UNUSED_FUNCTION = YES;
				GCC_WARN_UNUSED_VARIABLE = YES;
				IPHONEOS_DEPLOYMENT_TARGET = 8.3;
				MTL_ENABLE_DEBUG_INFO = YES;
				ONLY_ACTIVE_ARCH = YES;
				SDKROOT = iphoneos;
				TARGETED_DEVICE_FAMILY = "1,2";
			};
			name = Debug;
		};
		097B914B1B11E06E00777A6A /* Release */ = {
			isa = XCBuildConfiguration;
			buildSettings = {
				ALWAYS_SEARCH_USER_PATHS = NO;
				CLANG_CXX_LANGUAGE_STANDARD = "gnu++0x";
				CLANG_CXX_LIBRARY = "libc++";
				CLANG_ENABLE_MODULES = YES;
				CLANG_ENABLE_OBJC_ARC = YES;
				CLANG_WARN_BOOL_CONVERSION = YES;
				CLANG_WARN_CONSTANT_CONVERSION = YES;
				CLANG_WARN_DIRECT_OBJC_ISA_USAGE = YES_ERROR;
				CLANG_WARN_EMPTY_BODY = YES;
				CLANG_WARN_ENUM_CONVERSION = YES;
				CLANG_WARN_INT_CONVERSION = YES;
				CLANG_WARN_OBJC_ROOT_CLASS = YES_ERROR;
				CLANG_WARN_UNREACHABLE_CODE = YES;
				CLANG_WARN__DUPLICATE_METHOD_MATCH = YES;
				"CODE_SIGN_IDENTITY[sdk=iphoneos*]" = "iPhone Developer";
				COPY_PHASE_STRIP = NO;
				DEBUG_INFORMATION_FORMAT = "dwarf-with-dsym";
				ENABLE_NS_ASSERTIONS = NO;
				ENABLE_STRICT_OBJC_MSGSEND = YES;
				GCC_C_LANGUAGE_STANDARD = gnu99;
				GCC_NO_COMMON_BLOCKS = YES;
				GCC_WARN_64_TO_32_BIT_CONVERSION = YES;
				GCC_WARN_ABOUT_RETURN_TYPE = YES_ERROR;
				GCC_WARN_UNDECLARED_SELECTOR = YES;
				GCC_WARN_UNINITIALIZED_AUTOS = YES_AGGRESSIVE;
				GCC_WARN_UNUSED_FUNCTION = YES;
				GCC_WARN_UNUSED_VARIABLE = YES;
				IPHONEOS_DEPLOYMENT_TARGET = 8.3;
				MTL_ENABLE_DEBUG_INFO = NO;
				SDKROOT = iphoneos;
				TARGETED_DEVICE_FAMILY = "1,2";
				VALIDATE_PRODUCT = YES;
			};
			name = Release;
		};
		097B914D1B11E06E00777A6A /* Debug */ = {
			isa = XCBuildConfiguration;
			buildSettings = {
				ASSETCATALOG_COMPILER_APPICON_NAME = AppIcon;
				INFOPLIST_FILE = prime_generator/Info.plist;
				IPHONEOS_DEPLOYMENT_TARGET = 7.1;
				LD_RUNPATH_SEARCH_PATHS = "$(inherited) @executable_path/Frameworks";
				PRODUCT_NAME = "$(TARGET_NAME)";
			};
			name = Debug;
		};
		097B914E1B11E06E00777A6A /* Release */ = {
			isa = XCBuildConfiguration;
			buildSettings = {
				ASSETCATALOG_COMPILER_APPICON_NAME = AppIcon;
				INFOPLIST_FILE = prime_generator/Info.plist;
				IPHONEOS_DEPLOYMENT_TARGET = 7.1;
				LD_RUNPATH_SEARCH_PATHS = "$(inherited) @executable_path/Frameworks";
				PRODUCT_NAME = "$(TARGET_NAME)";
			};
			name = Release;
		};
		097B91501B11E06E00777A6A /* Debug */ = {
			isa = XCBuildConfiguration;
			buildSettings = {
				BUNDLE_LOADER = "$(TEST_HOST)";
				FRAMEWORK_SEARCH_PATHS = (
					"$(SDKROOT)/Developer/Library/Frameworks",
					"$(inherited)",
				);
				GCC_PREPROCESSOR_DEFINITIONS = (
					"DEBUG=1",
					"$(inherited)",
				);
				INFOPLIST_FILE = prime_generatorTests/Info.plist;
				LD_RUNPATH_SEARCH_PATHS = "$(inherited) @executable_path/Frameworks @loader_path/Frameworks";
				PRODUCT_NAME = "$(TARGET_NAME)";
				TEST_HOST = "$(BUILT_PRODUCTS_DIR)/prime_generator.app/prime_generator";
			};
			name = Debug;
		};
		097B91511B11E06E00777A6A /* Release */ = {
			isa = XCBuildConfiguration;
			buildSettings = {
				BUNDLE_LOADER = "$(TEST_HOST)";
				FRAMEWORK_SEARCH_PATHS = (
					"$(SDKROOT)/Developer/Library/Frameworks",
					"$(inherited)",
				);
				INFOPLIST_FILE = prime_generatorTests/Info.plist;
				LD_RUNPATH_SEARCH_PATHS = "$(inherited) @executable_path/Frameworks @loader_path/Frameworks";
				PRODUCT_NAME = "$(TARGET_NAME)";
				TEST_HOST = "$(BUILT_PRODUCTS_DIR)/prime_generator.app/prime_generator";
			};
			name = Release;
		};
/* End XCBuildConfiguration section */

/* Begin XCConfigurationList section */
		097B91211B11E06D00777A6A /* Build configuration list for PBXProject "prime_generator" */ = {
			isa = XCConfigurationList;
			buildConfigurations = (
				097B914A1B11E06E00777A6A /* Debug */,
				097B914B1B11E06E00777A6A /* Release */,
			);
			defaultConfigurationIsVisible = 0;
			defaultConfigurationName = Release;
		};
		097B914C1B11E06E00777A6A /* Build configuration list for PBXNativeTarget "prime_generator" */ = {
			isa = XCConfigurationList;
			buildConfigurations = (
				097B914D1B11E06E00777A6A /* Debug */,
				097B914E1B11E06E00777A6A /* Release */,
			);
			defaultConfigurationIsVisible = 0;
		};
		097B914F1B11E06E00777A6A /* Build configuration list for PBXNativeTarget "prime_generatorTests" */ = {
			isa = XCConfigurationList;
			buildConfigurations = (
				097B91501B11E06E00777A6A /* Debug */,
				097B91511B11E06E00777A6A /* Release */,
			);
			defaultConfigurationIsVisible = 0;
		};
/* End XCConfigurationList section */

/* Begin XCVersionGroup section */
		097B91301B11E06E00777A6A /* prime_generator.xcdatamodeld */ = {
			isa = XCVersionGroup;
			children = (
				097B91311B11E06E00777A6A /* prime_generator.xcdatamodel */,
			);
			currentVersion = 097B91311B11E06E00777A6A /* prime_generator.xcdatamodel */;
			path = prime_generator.xcdatamodeld;
			sourceTree = "<group>";
			versionGroupType = wrapper.xcdatamodel;
		};
/* End XCVersionGroup section */
	};
	rootObject = 097B911E1B11E06D00777A6A /* Project object */;
}
